
Microsoft Visual Studio Solution File, Format Version 12.00
# Visual Studio 15
VisualStudioVersion = 15.0.26730.12
MinimumVisualStudioVersion = 10.0.40219.1
Project("{FAE04EC0-301F-11D3-BF4B-00C04F79EFBC}") = "DalCore.Interfaces", "Interfaces\DalCore.Interfaces.csproj", "{35D8189D-B6A4-405A-90B0-A1B2C8491CBE}"
EndProject
Project("{FAE04EC0-301F-11D3-BF4B-00C04F79EFBC}") = "DalCore.NHibernate", "NHibernate\DalCore.NHibernate.csproj", "{D625777C-FF67-44CD-880C-97A606B6DC7A}"
EndProject
Global
	GlobalSection(SolutionConfigurationPlatforms) = preSolution
		Debug|Any CPU = Debug|Any CPU
		Release|Any CPU = Release|Any CPU
	EndGlobalSection
	GlobalSection(ProjectConfigurationPlatforms) = postSolution
		{35D8189D-B6A4-405A-90B0-A1B2C8491CBE}.Debug|Any CPU.ActiveCfg = Debug|Any CPU
		{35D8189D-B6A4-405A-90B0-A1B2C8491CBE}.Debug|Any CPU.Build.0 = Debug|Any CPU
		{35D8189D-B6A4-405A-90B0-A1B2C8491CBE}.Release|Any CPU.ActiveCfg = Release|Any CPU
		{35D8189D-B6A4-405A-90B0-A1B2C8491CBE}.Release|Any CPU.Build.0 = Release|Any CPU
		{D625777C-FF67-44CD-880C-97A606B6DC7A}.Debug|Any CPU.ActiveCfg = Debug|Any CPU
		{D625777C-FF67-44CD-880C-97A606B6DC7A}.Debug|Any CPU.Build.0 = Debug|Any CPU
		{D625777C-FF67-44CD-880C-97A606B6DC7A}.Release|Any CPU.ActiveCfg = Release|Any CPU
		{D625777C-FF67-44CD-880C-97A606B6DC7A}.Release|Any CPU.Build.0 = Release|Any CPU
	EndGlobalSection
	GlobalSection(SolutionProperties) = preSolution
		HideSolutionNode = FALSE
	EndGlobalSection
	GlobalSection(ExtensibilityGlobals) = postSolution
		SolutionGuid = {F42D2B65-D4D6-40DA-9214-DB0B3B28527A}
	EndGlobalSection
EndGlobal
